
Microsoft Visual Studio Solution File, Format Version 12.00
# Visual Studio Version 16
VisualStudioVersion = 16.0.31729.503
MinimumVisualStudioVersion = 10.0.40219.1
Project("{FAE04EC0-301F-11D3-BF4B-00C04F79EFBC}") = "lap_03", "lap_03\lap_03.csproj", "{53A788A3-B0B4-4966-984E-975F77A19994}"
EndProject
Global
	GlobalSection(SolutionConfigurationPlatforms) = preSolution
		Debug|Any CPU = Debug|Any CPU
		Release|Any CPU = Release|Any CPU
	EndGlobalSection
	GlobalSection(ProjectConfigurationPlatforms) = postSolution
		{53A788A3-B0B4-4966-984E-975F77A19994}.Debug|Any CPU.ActiveCfg = Debug|Any CPU
		{53A788A3-B0B4-4966-984E-975F77A19994}.Debug|Any CPU.Build.0 = Debug|Any CPU
		{53A788A3-B0B4-4966-984E-975F77A19994}.Release|Any CPU.ActiveCfg = Release|Any CPU
		{53A788A3-B0B4-4966-984E-975F77A19994}.Release|Any CPU.Build.0 = Release|Any CPU
	EndGlobalSection
	GlobalSection(SolutionProperties) = preSolution
		HideSolutionNode = FALSE
	EndGlobalSection
	GlobalSection(ExtensibilityGlobals) = postSolution
		SolutionGuid = {2A626AFF-8CE5-40A1-988A-0E0955741B20}
	EndGlobalSection
EndGlobal
